
Microsoft Visual Studio Solution File, Format Version 12.00
# Visual Studio Version 16
VisualStudioVersion = 16.0.30225.117
MinimumVisualStudioVersion = 10.0.40219.1
Project("{9A19103F-16F7-4668-BE54-9A1E7A4F7556}") = "Braford Ticketing", "Braford Ticketing\Braford Ticketing.csproj", "{11CD84D2-24AB-4254-8841-F00391428CF8}"
EndProject
Project("{9A19103F-16F7-4668-BE54-9A1E7A4F7556}") = "Braford Identity", "Braford Identity\Braford Identity.csproj", "{7DBC965A-3BCB-441E-A13B-99BDDB97A462}"
EndProject
Global
	GlobalSection(SolutionConfigurationPlatforms) = preSolution
		Debug|Any CPU = Debug|Any CPU
		Release|Any CPU = Release|Any CPU
	EndGlobalSection
	GlobalSection(ProjectConfigurationPlatforms) = postSolution
		{11CD84D2-24AB-4254-8841-F00391428CF8}.Debug|Any CPU.ActiveCfg = Debug|Any CPU
		{11CD84D2-24AB-4254-8841-F00391428CF8}.Debug|Any CPU.Build.0 = Debug|Any CPU
		{11CD84D2-24AB-4254-8841-F00391428CF8}.Release|Any CPU.ActiveCfg = Release|Any CPU
		{11CD84D2-24AB-4254-8841-F00391428CF8}.Release|Any CPU.Build.0 = Release|Any CPU
		{7DBC965A-3BCB-441E-A13B-99BDDB97A462}.Debug|Any CPU.ActiveCfg = Debug|Any CPU
		{7DBC965A-3BCB-441E-A13B-99BDDB97A462}.Debug|Any CPU.Build.0 = Debug|Any CPU
		{7DBC965A-3BCB-441E-A13B-99BDDB97A462}.Release|Any CPU.ActiveCfg = Release|Any CPU
		{7DBC965A-3BCB-441E-A13B-99BDDB97A462}.Release|Any CPU.Build.0 = Release|Any CPU
	EndGlobalSection
	GlobalSection(SolutionProperties) = preSolution
		HideSolutionNode = FALSE
	EndGlobalSection
	GlobalSection(ExtensibilityGlobals) = postSolution
		SolutionGuid = {CD5127C8-1158-4320-ADEB-0A9F92082745}
	EndGlobalSection
EndGlobal
